{
  "name": "gohugo-default-theme",
  "version": "2.6.1",
  "lockfileVersion": 1,
  "requires": true,
  "dependencies": {
    "auto-changelog": {
      "version": "1.16.1",
      "resolved": "https://registry.npmjs.org/auto-changelog/-/auto-changelog-1.16.1.tgz",
      "integrity": "sha512-1OMUN5UWWhKtlEMpGUfbLFcZHDf4IXMNU4SsGs44xTlSBhjgTOx9ukbahoC7hTqIm6+sRAnlAbLY4UjbDZY18A==",
      "dev": true,
      "requires": {
        "commander": "^3.0.1",
        "core-js": "^3.2.1",
        "handlebars": "^4.1.2",
        "lodash.uniqby": "^4.7.0",
        "node-fetch": "^2.6.0",
        "parse-github-url": "^1.0.2",
        "regenerator-runtime": "^0.13.3",
        "semver": "^6.3.0"
      }
    },
    "commander": {
      "version": "3.0.2",
      "resolved": "https://registry.npmjs.org/commander/-/commander-3.0.2.tgz",
      "integrity": "sha512-Gar0ASD4BDyKC4hl4DwHqDrmvjoxWKZigVnAbn5H1owvm4CxCPdb0HQDehwNYMJpla5+M2tPmPARzhtYuwpHow==",
      "dev": true
    },
    "core-js": {
      "version": "3.3.4",
      "resolved": "https://registry.npmjs.org/core-js/-/core-js-3.3.4.tgz",
      "integrity": "sha512-BtibooaAmSOptGLRccsuX/dqgPtXwNgqcvYA6kOTTMzonRxZ+pJS4e+6mvVutESfXMeTnK8m3M+aBu3bkJbR+w==",
      "dev": true
    },
    "handlebars": {
      "version": "4.7.6",
      "resolved": "https://registry.npmjs.org/handlebars/-/handlebars-4.7.6.tgz",
      "integrity": "sha512-1f2BACcBfiwAfStCKZNrUCgqNZkGsAT7UM3kkYtXuLo0KnaVfjKOyf7PRzB6++aK9STyT1Pd2ZCPe3EGOXleXA==",
      "dev": true,
      "requires": {
        "minimist": "^1.2.5",
        "neo-async": "^2.6.0",
        "source-map": "^0.6.1",
        "uglify-js": "^3.1.4",
        "wordwrap": "^1.0.0"
      },
      "dependencies": {
        "minimist": {
          "version": "1.2.5",
          "resolved": "https://registry.npmjs.org/minimist/-/minimist-1.2.5.tgz",
          "integrity": "sha512-FM9nNUYrRBAELZQT3xeZQ7fmMOBg6nWNmJKTcgsJeaLstP/UODVpGsr5OhXhhXg6f+qtJ8uiZ+PUxkDWcgIXLw==",
          "dev": true
        },
        "wordwrap": {
          "version": "1.0.0",
          "resolved": "https://registry.npmjs.org/wordwrap/-/wordwrap-1.0.0.tgz",
          "integrity": "sha1-J1hIEIkUVqQXHI0CJkQa3pDLyus=",
          "dev": true
        }
      }
    },
    "lodash.uniqby": {
      "version": "4.7.0",
      "resolved": "https://registry.npmjs.org/lodash.uniqby/-/lodash.uniqby-4.7.0.tgz",
      "integrity": "sha1-2ZwHpmnp5tJOE2Lf4mbGdhavEwI=",
      "dev": true
    },
    "neo-async": {
      "version": "2.6.1",
      "resolved": "https://registry.npmjs.org/neo-async/-/neo-async-2.6.1.tgz",
      "integrity": "sha512-iyam8fBuCUpWeKPGpaNMetEocMt364qkCsfL9JuhjXX6dRnguRVOfk2GZaDpPjcOKiiXCPINZC1GczQ7iTq3Zw==",
      "dev": true
    },
    "node-fetch": {
      "version": "2.6.0",
      "resolved": "https://registry.npmjs.org/node-fetch/-/node-fetch-2.6.0.tgz",
      "integrity": "sha512-8dG4H5ujfvFiqDmVu9fQ5bOHUC15JMjMY/Zumv26oOvvVJjM67KF8koCWIabKQ1GJIa9r2mMZscBq/TbdOcmNA==",
      "dev": true
    },
    "parse-github-url": {
      "version": "1.0.2",
      "resolved": "https://registry.npmjs.org/parse-github-url/-/parse-github-url-1.0.2.tgz",
      "integrity": "sha512-kgBf6avCbO3Cn6+RnzRGLkUsv4ZVqv/VfAYkRsyBcgkshNvVBkRn1FEZcW0Jb+npXQWm2vHPnnOqFteZxRRGNw==",
      "dev": true
    },
    "regenerator-runtime": {
      "version": "0.13.3",
      "resolved": "https://registry.npmjs.org/regenerator-runtime/-/regenerator-runtime-0.13.3.tgz",
      "integrity": "sha512-naKIZz2GQ8JWh///G7L3X6LaQUAMp2lvb1rvwwsURe/VXwD6VMfr+/1NuNw3ag8v2kY1aQ/go5SNn79O9JU7yw==",
      "dev": true
    },
    "semver": {
      "version": "6.3.0",
      "resolved": "https://registry.npmjs.org/semver/-/semver-6.3.0.tgz",
      "integrity": "sha512-b39TBaTSfV6yBrapU89p5fKekE2m/NwnDocOVruQFS1/veMgdzuPcnOM34M6CwxW8jH/lxEa5rBoDeUwu5HHTw==",
      "dev": true
    },
    "source-map": {
      "version": "0.6.1",
      "resolved": "https://registry.npmjs.org/source-map/-/source-map-0.6.1.tgz",
      "integrity": "sha512-UjgapumWlbMhkBgzT7Ykc5YXUT46F0iKu8SGXq0bcwP5dz/h0Plj6enJqjz1Zbq2l5WaqYnrVbwWOWMyF3F47g==",
      "dev": true
    },
    "uglify-js": {
      "version": "3.6.4",
      "resolved": "https://registry.npmjs.org/uglify-js/-/uglify-js-3.6.4.tgz",
      "integrity": "sha512-9Yc2i881pF4BPGhjteCXQNaXx1DCwm3dtOyBaG2hitHjLWOczw/ki8vD1bqyT3u6K0Ms/FpCShkmfg+FtlOfYA==",
      "dev": true,
      "optional": true,
      "requires": {
        "commander": "~2.20.3",
        "source-map": "~0.6.1"
      },
      "dependencies": {
        "commander": {
          "version": "2.20.3",
          "resolved": "https://registry.npmjs.org/commander/-/commander-2.20.3.tgz",
          "integrity": "sha512-GpVkmM8vF2vQUkj2LvZmD35JxeJOLCwJ9cUkugyk2nuhbv3+mJvpLYYt+0+USMxE+oj+ey/lJEnhZw75x/OMcQ==",
          "dev": true,
          "optional": true
        }
      }
    }
  }
}
